// !$*UTF8*$!
{
	archiveVersion = 1;
	classes = {
	};
	objectVersion = 56;
	objects = {

/* Begin PBXBuildFile section */
		69081F4B29E7F87A00EF36B7 /* AppDelegate.swift in Sources */ = {isa = PBXBuildFile; fileRef = 69081F4A29E7F87A00EF36B7 /* AppDelegate.swift */; };
		69081F4D29E7F87A00EF36B7 /* SceneDelegate.swift in Sources */ = {isa = PBXBuildFile; fileRef = 69081F4C29E7F87A00EF36B7 /* SceneDelegate.swift */; };
		69081F4F29E7F87A00EF36B7 /* ViewController.swift in Sources */ = {isa = PBXBuildFile; fileRef = 69081F4E29E7F87A00EF36B7 /* ViewController.swift */; };
		69081F5229E7F87A00EF36B7 /* Main.storyboard in Resources */ = {isa = PBXBuildFile; fileRef = 69081F5029E7F87A00EF36B7 /* Main.storyboard */; };
		69081F5429E7F87B00EF36B7 /* Assets.xcassets in Resources */ = {isa = PBXBuildFile; fileRef = 69081F5329E7F87B00EF36B7 /* Assets.xcassets */; };
		69081F5729E7F87B00EF36B7 /* LaunchScreen.storyboard in Resources */ = {isa = PBXBuildFile; fileRef = 69081F5529E7F87B00EF36B7 /* LaunchScreen.storyboard */; };
		69B4DE7229E92DA40076836E /* AboutViewController.swift in Sources */ = {isa = PBXBuildFile; fileRef = 69B4DE7129E92DA40076836E /* AboutViewController.swift */; };
		69B4DE7429E933080076836E /* BullsEye.html in Resources */ = {isa = PBXBuildFile; fileRef = 69B4DE7329E933080076836E /* BullsEye.html */; };
/* End PBXBuildFile section */

/* Begin PBXFileReference section */
		69081F4729E7F87A00EF36B7 /* FirstIOSAppEver.app */ = {isa = PBXFileReference; explicitFileType = wrapper.application; includeInIndex = 0; path = FirstIOSAppEver.app; sourceTree = BUILT_PRODUCTS_DIR; };
		69081F4A29E7F87A00EF36B7 /* AppDelegate.swift */ = {isa = PBXFileReference; lastKnownFileType = sourcecode.swift; path = AppDelegate.swift; sourceTree = "<group>"; };
		69081F4C29E7F87A00EF36B7 /* SceneDelegate.swift */ = {isa = PBXFileReference; lastKnownFileType = sourcecode.swift; path = SceneDelegate.swift; sourceTree = "<group>"; };
		69081F4E29E7F87A00EF36B7 /* ViewController.swift */ = {isa = PBXFileReference; lastKnownFileType = sourcecode.swift; path = ViewController.swift; sourceTree = "<group>"; };
		69081F5129E7F87A00EF36B7 /* Base */ = {isa = PBXFileReference; lastKnownFileType = file.storyboard; name = Base; path = Base.lproj/Main.storyboard; sourceTree = "<group>"; };
		69081F5329E7F87B00EF36B7 /* Assets.xcassets */ = {isa = PBXFileReference; lastKnownFileType = folder.assetcatalog; path = Assets.xcassets; sourceTree = "<group>"; };
		69081F5629E7F87B00EF36B7 /* Base */ = {isa = PBXFileReference; lastKnownFileType = file.storyboard; name = Base; path = Base.lproj/LaunchScreen.storyboard; sourceTree = "<group>"; };
		69081F5829E7F87B00EF36B7 /* Info.plist */ = {isa = PBXFileReference; lastKnownFileType = text.plist.xml; path = Info.plist; sourceTree = "<group>"; };
		69B4DE7129E92DA40076836E /* AboutViewController.swift */ = {isa = PBXFileReference; lastKnownFileType = sourcecode.swift; path = AboutViewController.swift; sourceTree = "<group>"; };
		69B4DE7329E933080076836E /* BullsEye.html */ = {isa = PBXFileReference; fileEncoding = 4; lastKnownFileType = text.html; name = BullsEye.html; path = "../../iOS Books/Learning/2_IOS_Apprentice_v7.0/getting-started/Resources/BullsEye.html"; sourceTree = "<group>"; };
/* End PBXFileReference section */

/* Begin PBXFrameworksBuildPhase section */
		69081F4429E7F87A00EF36B7 /* Frameworks */ = {
			isa = PBXFrameworksBuildPhase;
			buildActionMask = 2147483647;
			files = (
			);
			runOnlyForDeploymentPostprocessing = 0;
		};
/* End PBXFrameworksBuildPhase section */

/* Begin PBXGroup section */
		69081F3E29E7F87A00EF36B7 = {
			isa = PBXGroup;
			children = (
				69081F4929E7F87A00EF36B7 /* FirstIOSAppEver */,
				69081F4829E7F87A00EF36B7 /* Products */,
			);
			sourceTree = "<group>";
		};
		69081F4829E7F87A00EF36B7 /* Products */ = {
			isa = PBXGroup;
			children = (
				69081F4729E7F87A00EF36B7 /* FirstIOSAppEver.app */,
			);
			name = Products;
			sourceTree = "<group>";
		};
		69081F4929E7F87A00EF36B7 /* FirstIOSAppEver */ = {
			isa = PBXGroup;
			children = (
				69B4DE7329E933080076836E /* BullsEye.html */,
				69081F4A29E7F87A00EF36B7 /* AppDelegate.swift */,
				69081F4C29E7F87A00EF36B7 /* SceneDelegate.swift */,
				69081F4E29E7F87A00EF36B7 /* ViewController.swift */,
				69B4DE7129E92DA40076836E /* AboutViewController.swift */,
				69081F5029E7F87A00EF36B7 /* Main.storyboard */,
				69081F5329E7F87B00EF36B7 /* Assets.xcassets */,
				69081F5529E7F87B00EF36B7 /* LaunchScreen.storyboard */,
				69081F5829E7F87B00EF36B7 /* Info.plist */,
			);
			path = FirstIOSAppEver;
			sourceTree = "<group>";
		};
/* End PBXGroup section */

/* Begin PBXNativeTarget section */
		69081F4629E7F87A00EF36B7 /* FirstIOSAppEver */ = {
			isa = PBXNativeTarget;
			buildConfigurationList = 69081F5B29E7F87B00EF36B7 /* Build configuration list for PBXNativeTarget "FirstIOSAppEver" */;
			buildPhases = (
				69081F4329E7F87A00EF36B7 /* Sources */,
				69081F4429E7F87A00EF36B7 /* Frameworks */,
				69081F4529E7F87A00EF36B7 /* Resources */,
			);
			buildRules = (
			);
			dependencies = (
			);
			name = FirstIOSAppEver;
			productName = FirstIOSAppEver;
			productReference = 69081F4729E7F87A00EF36B7 /* FirstIOSAppEver.app */;
			productType = "com.apple.product-type.application";
		};
/* End PBXNativeTarget section */

/* Begin PBXProject section */
		69081F3F29E7F87A00EF36B7 /* Project object */ = {
			isa = PBXProject;
			attributes = {
				BuildIndependentTargetsInParallel = 1;
				LastSwiftUpdateCheck = 1430;
				LastUpgradeCheck = 1430;
				TargetAttributes = {
					69081F4629E7F87A00EF36B7 = {
						CreatedOnToolsVersion = 14.3;
					};
				};
			};
			buildConfigurationList = 69081F4229E7F87A00EF36B7 /* Build configuration list for PBXProject "FirstIOSAppEver" */;
			compatibilityVersion = "Xcode 14.0";
			developmentRegion = en;
			hasScannedForEncodings = 0;
			knownRegions = (
				en,
				Base,
			);
			mainGroup = 69081F3E29E7F87A00EF36B7;
			productRefGroup = 69081F4829E7F87A00EF36B7 /* Products */;
			projectDirPath = "";
			projectRoot = "";
			targets = (
				69081F4629E7F87A00EF36B7 /* FirstIOSAppEver */,
			);
		};
/* End PBXProject section */

/* Begin PBXResourcesBuildPhase section */
		69081F4529E7F87A00EF36B7 /* Resources */ = {
			isa = PBXResourcesBuildPhase;
			buildActionMask = 2147483647;
			files = (
				69081F5729E7F87B00EF36B7 /* LaunchScreen.storyboard in Resources */,
				69B4DE7429E933080076836E /* BullsEye.html in Resources */,
				69081F5429E7F87B00EF36B7 /* Assets.xcassets in Resources */,
				69081F5229E7F87A00EF36B7 /* Main.storyboard in Resources */,
			);
			runOnlyForDeploymentPostprocessing = 0;
		};
/* End PBXResourcesBuildPhase section */

/* Begin PBXSourcesBuildPhase section */
		69081F4329E7F87A00EF36B7 /* Sources */ = {
			isa = PBXSourcesBuildPhase;
			buildActionMask = 2147483647;
			files = (
				69081F4F29E7F87A00EF36B7 /* ViewController.swift in Sources */,
				69081F4B29E7F87A00EF36B7 /* AppDelegate.swift in Sources */,
				69B4DE7229E92DA40076836E /* AboutViewController.swift in Sources */,
				69081F4D29E7F87A00EF36B7 /* SceneDelegate.swift in Sources */,
			);
			runOnlyForDeploymentPostprocessing = 0;
		};
/* End PBXSourcesBuildPhase section */

/* Begin PBXVariantGroup section */
		69081F5029E7F87A00EF36B7 /* Main.storyboard */ = {
			isa = PBXVariantGroup;
			children = (
				69081F5129E7F87A00EF36B7 /* Base */,
			);
			name = Main.storyboard;
			sourceTree = "<group>";
		};
		69081F5529E7F87B00EF36B7 /* LaunchScreen.storyboard */ = {
			isa = PBXVariantGroup;
			children = (
				69081F5629E7F87B00EF36B7 /* Base */,
			);
			name = LaunchScreen.storyboard;
			sourceTree = "<group>";
		};
/* End PBXVariantGroup section */

/* Begin XCBuildConfiguration section */
		69081F5929E7F87B00EF36B7 /* Debug */ = {
			isa = XCBuildConfiguration;
			buildSettings = {
				ALWAYS_SEARCH_USER_PATHS = NO;
				CLANG_ANALYZER_NONNULL = YES;
				CLANG_ANALYZER_NUMBER_OBJECT_CONVERSION = YES_AGGRESSIVE;
				CLANG_CXX_LANGUAGE_STANDARD = "gnu++20";
				CLANG_ENABLE_MODULES = YES;
				CLANG_ENABLE_OBJC_ARC = YES;
				CLANG_ENABLE_OBJC_WEAK = YES;
				CLANG_WARN_BLOCK_CAPTURE_AUTORELEASING = YES;
				CLANG_WARN_BOOL_CONVERSION = YES;
				CLANG_WARN_COMMA = YES;
				CLANG_WARN_CONSTANT_CONVERSION = YES;
				CLANG_WARN_DEPRECATED_OBJC_IMPLEMENTATIONS = YES;
				CLANG_WARN_DIRECT_OBJC_ISA_USAGE = YES_ERROR;
				CLANG_WARN_DOCUMENTATION_COMMENTS = YES;
				CLANG_WARN_EMPTY_BODY = YES;
				CLANG_WARN_ENUM_CONVERSION = YES;
				CLANG_WARN_INFINITE_RECURSION = YES;
				CLANG_WARN_INT_CONVERSION = YES;
				CLANG_WARN_NON_LITERAL_NULL_CONVERSION = YES;
				CLANG_WARN_OBJC_IMPLICIT_RETAIN_SELF = YES;
				CLANG_WARN_OBJC_LITERAL_CONVERSION = YES;
				CLANG_WARN_OBJC_ROOT_CLASS = YES_ERROR;
				CLANG_WARN_QUOTED_INCLUDE_IN_FRAMEWORK_HEADER = YES;
				CLANG_WARN_RANGE_LOOP_ANALYSIS = YES;
				CLANG_WARN_STRICT_PROTOTYPES = YES;
				CLANG_WARN_SUSPICIOUS_MOVE = YES;
				CLANG_WARN_UNGUARDED_AVAILABILITY = YES_AGGRESSIVE;
				CLANG_WARN_UNREACHABLE_CODE = YES;
				CLANG_WARN__DUPLICATE_METHOD_MATCH = YES;
				COPY_PHASE_STRIP = NO;
				DEBUG_INFORMATION_FORMAT = dwarf;
				ENABLE_STRICT_OBJC_MSGSEND = YES;
				ENABLE_TESTABILITY = YES;
				GCC_C_LANGUAGE_STANDARD = gnu11;
				GCC_DYNAMIC_NO_PIC = NO;
				GCC_NO_COMMON_BLOCKS = YES;
				GCC_OPTIMIZATION_LEVEL = 0;
				GCC_PREPROCESSOR_DEFINITIONS = (
					"DEBUG=1",
					"$(inherited)",
				);
				GCC_WARN_64_TO_32_BIT_CONVERSION = YES;
				GCC_WARN_ABOUT_RETURN_TYPE = YES_ERROR;
				GCC_WARN_UNDECLARED_SELECTOR = YES;
				GCC_WARN_UNINITIALIZED_AUTOS = YES_AGGRESSIVE;
				GCC_WARN_UNUSED_FUNCTION = YES;
				GCC_WARN_UNUSED_VARIABLE = YES;
				IPHONEOS_DEPLOYMENT_TARGET = 16.4;
				MTL_ENABLE_DEBUG_INFO = INCLUDE_SOURCE;
				MTL_FAST_MATH = YES;
				ONLY_ACTIVE_ARCH = YES;
				SDKROOT = iphoneos;
				SWIFT_ACTIVE_COMPILATION_CONDITIONS = DEBUG;
				SWIFT_OPTIMIZATION_LEVEL = "-Onone";
			};
			name = Debug;
		};
		69081F5A29E7F87B00EF36B7 /* Release */ = {
			isa = XCBuildConfiguration;
			buildSettings = {
				ALWAYS_SEARCH_USER_PATHS = NO;
				CLANG_ANALYZER_NONNULL = YES;
				CLANG_ANALYZER_NUMBER_OBJECT_CONVERSION = YES_AGGRESSIVE;
				CLANG_CXX_LANGUAGE_STANDARD = "gnu++20";
				CLANG_ENABLE_MODULES = YES;
				CLANG_ENABLE_OBJC_ARC = YES;
				CLANG_ENABLE_OBJC_WEAK = YES;
				CLANG_WARN_BLOCK_CAPTURE_AUTORELEASING = YES;
				CLANG_WARN_BOOL_CONVERSION = YES;
				CLANG_WARN_COMMA = YES;
				CLANG_WARN_CONSTANT_CONVERSION = YES;
				CLANG_WARN_DEPRECATED_OBJC_IMPLEMENTATIONS = YES;
				CLANG_WARN_DIRECT_OBJC_ISA_USAGE = YES_ERROR;
				CLANG_WARN_DOCUMENTATION_COMMENTS = YES;
				CLANG_WARN_EMPTY_BODY = YES;
				CLANG_WARN_ENUM_CONVERSION = YES;
				CLANG_WARN_INFINITE_RECURSION = YES;
				CLANG_WARN_INT_CONVERSION = YES;
				CLANG_WARN_NON_LITERAL_NULL_CONVERSION = YES;
				CLANG_WARN_OBJC_IMPLICIT_RETAIN_SELF = YES;
				CLANG_WARN_OBJC_LITERAL_CONVERSION = YES;
				CLANG_WARN_OBJC_ROOT_CLASS = YES_ERROR;
				CLANG_WARN_QUOTED_INCLUDE_IN_FRAMEWORK_HEADER = YES;
				CLANG_WARN_RANGE_LOOP_ANALYSIS = YES;
				CLANG_WARN_STRICT_PROTOTYPES = YES;
				CLANG_WARN_SUSPICIOUS_MOVE = YES;
				CLANG_WARN_UNGUARDED_AVAILABILITY = YES_AGGRESSIVE;
				CLANG_WARN_UNREACHABLE_CODE = YES;
				CLANG_WARN__DUPLICATE_METHOD_MATCH = YES;
				COPY_PHASE_STRIP = NO;
				DEBUG_INFORMATION_FORMAT = "dwarf-with-dsym";
				ENABLE_NS_ASSERTIONS = NO;
				ENABLE_STRICT_OBJC_MSGSEND = YES;
				GCC_C_LANGUAGE_STANDARD = gnu11;
				GCC_NO_COMMON_BLOCKS = YES;
				GCC_WARN_64_TO_32_BIT_CONVERSION = YES;
				GCC_WARN_ABOUT_RETURN_TYPE = YES_ERROR;
				GCC_WARN_UNDECLARED_SELECTOR = YES;
				GCC_WARN_UNINITIALIZED_AUTOS = YES_AGGRESSIVE;
				GCC_WARN_UNUSED_FUNCTION = YES;
				GCC_WARN_UNUSED_VARIABLE = YES;
				IPHONEOS_DEPLOYMENT_TARGET = 16.4;
				MTL_ENABLE_DEBUG_INFO = NO;
				MTL_FAST_MATH = YES;
				SDKROOT = iphoneos;
				SWIFT_COMPILATION_MODE = wholemodule;
				SWIFT_OPTIMIZATION_LEVEL = "-O";
				VALIDATE_PRODUCT = YES;
			};
			name = Release;
		};
		69081F5C29E7F87B00EF36B7 /* Debug */ = {
			isa = XCBuildConfiguration;
			buildSettings = {
				ASSETCATALOG_COMPILER_APPICON_NAME = AppIcon;
				ASSETCATALOG_COMPILER_GLOBAL_ACCENT_COLOR_NAME = AccentColor;
				CODE_SIGN_STYLE = Automatic;
				CURRENT_PROJECT_VERSION = 1;
				DEVELOPMENT_TEAM = 73W89A3N2F;
				GENERATE_INFOPLIST_FILE = YES;
				INFOPLIST_FILE = FirstIOSAppEver/Info.plist;
				INFOPLIST_KEY_CFBundleDisplayName = "Bull's Eye";
				INFOPLIST_KEY_UIApplicationSupportsIndirectInputEvents = YES;
				INFOPLIST_KEY_UILaunchStoryboardName = LaunchScreen;
				INFOPLIST_KEY_UIMainStoryboardFile = Main;
				INFOPLIST_KEY_UIStatusBarStyle = "";
				INFOPLIST_KEY_UISupportedInterfaceOrientations = "UIInterfaceOrientationLandscapeLeft UIInterfaceOrientationLandscapeRight";
				INFOPLIST_KEY_UISupportedInterfaceOrientations_iPad = "UIInterfaceOrientationLandscapeLeft UIInterfaceOrientationLandscapeRight UIInterfaceOrientationPortrait UIInterfaceOrientationPortraitUpsideDown";
				LD_RUNPATH_SEARCH_PATHS = (
					"$(inherited)",
					"@executable_path/Frameworks",
				);
				MARKETING_VERSION = 1.0;
				PRODUCT_BUNDLE_IDENTIFIER = hongduc.awesome.FirstIOSAppEver;
				PRODUCT_NAME = "$(TARGET_NAME)";
				SWIFT_EMIT_LOC_STRINGS = YES;
				SWIFT_VERSION = 5.0;
				TARGETED_DEVICE_FAMILY = "1,2";
			};
			name = Debug;
		};
		69081F5D29E7F87B00EF36B7 /* Release */ = {
			isa = XCBuildConfiguration;
			buildSettings = {
				ASSETCATALOG_COMPILER_APPICON_NAME = AppIcon;
				ASSETCATALOG_COMPILER_GLOBAL_ACCENT_COLOR_NAME = AccentColor;
				CODE_SIGN_STYLE = Automatic;
				CURRENT_PROJECT_VERSION = 1;
				DEVELOPMENT_TEAM = 73W89A3N2F;
				GENERATE_INFOPLIST_FILE = YES;
				INFOPLIST_FILE = FirstIOSAppEver/Info.plist;
				INFOPLIST_KEY_CFBundleDisplayName = "Bull's Eye";
				INFOPLIST_KEY_UIApplicationSupportsIndirectInputEvents = YES;
				INFOPLIST_KEY_UILaunchStoryboardName = LaunchScreen;
				INFOPLIST_KEY_UIMainStoryboardFile = Main;
				INFOPLIST_KEY_UIStatusBarStyle = "";
				INFOPLIST_KEY_UISupportedInterfaceOrientations = "UIInterfaceOrientationLandscapeLeft UIInterfaceOrientationLandscapeRight";
				INFOPLIST_KEY_UISupportedInterfaceOrientations_iPad = "UIInterfaceOrientationLandscapeLeft UIInterfaceOrientationLandscapeRight UIInterfaceOrientationPortrait UIInterfaceOrientationPortraitUpsideDown";
				LD_RUNPATH_SEARCH_PATHS = (
					"$(inherited)",
					"@executable_path/Frameworks",
				);
				MARKETING_VERSION = 1.0;
				PRODUCT_BUNDLE_IDENTIFIER = hongduc.awesome.FirstIOSAppEver;
				PRODUCT_NAME = "$(TARGET_NAME)";
				SWIFT_EMIT_LOC_STRINGS = YES;
				SWIFT_VERSION = 5.0;
				TARGETED_DEVICE_FAMILY = "1,2";
			};
			name = Release;
		};
/* End XCBuildConfiguration section */

/* Begin XCConfigurationList section */
		69081F4229E7F87A00EF36B7 /* Build configuration list for PBXProject "FirstIOSAppEver" */ = {
			isa = XCConfigurationList;
			buildConfigurations = (
				69081F5929E7F87B00EF36B7 /* Debug */,
				69081F5A29E7F87B00EF36B7 /* Release */,
			);
			defaultConfigurationIsVisible = 0;
			defaultConfigurationName = Release;
		};
		69081F5B29E7F87B00EF36B7 /* Build configuration list for PBXNativeTarget "FirstIOSAppEver" */ = {
			isa = XCConfigurationList;
			buildConfigurations = (
				69081F5C29E7F87B00EF36B7 /* Debug */,
				69081F5D29E7F87B00EF36B7 /* Release */,
			);
			defaultConfigurationIsVisible = 0;
			defaultConfigurationName = Release;
		};
/* End XCConfigurationList section */
	};
	rootObject = 69081F3F29E7F87A00EF36B7 /* Project object */;
}
